{
  "name": "tree-sitter-menhir",
  "version": "0.1.0",
  "lockfileVersion": 1,
  "requires": true,
  "dependencies": {
    "nan": {
      "version": "2.12.1",
      "resolved": "https://registry.npmjs.org/nan/-/nan-2.12.1.tgz",
      "integrity": "sha512-JY7V6lRkStKcKTvHO5NVSQRv+RV+FIL5pvDoLiAtSL9pKlC5x9PKQcZDsq7m4FO4d57mkhC6Z+QhAh3Jdk5JFw=="
    },
    "tree-sitter-cli": {
      "version": "0.14.2",
      "resolved": "https://registry.npmjs.org/tree-sitter-cli/-/tree-sitter-cli-0.14.2.tgz",
      "integrity": "sha512-P7TjYAMq+26uRYHYTwVYEXXERqbb0irA26ViR8KqkhVM+gvZugEWacK5C9MoAzgormHUWqyg6AiY0wqqaKfGdw==",
      "dev": true
    }
  }
}
