{
  "name": "tree-sitter-menhir",
  "version": "0.1.2",
  "lockfileVersion": 1,
  "requires": true,
  "dependencies": {
    "nan": {
      "version": "2.14.0",
      "resolved": "https://registry.npmjs.org/nan/-/nan-2.14.0.tgz",
      "integrity": "sha512-INOFj37C7k3AfaNTtX8RhsTw7qRy7eLET14cROi9+5HAVbbHuIWUHEauBv5qT4Av2tWasiTY1Jw6puUNqRJXQg=="
    },
    "tree-sitter-cli": {
      "version": "0.15.3",
      "resolved": "https://registry.npmjs.org/tree-sitter-cli/-/tree-sitter-cli-0.15.3.tgz",
      "integrity": "sha512-ghFiTOLY8aQMIvABdIxw0Fg/P+Jhaa5PcA8IgVL/vPItHSne11jyyGPar+Q5qQWqNHMN9K+FrO3D/0XhMKvUVQ==",
      "dev": true
    }
  }
}
